// !$*UTF8*$!
{
	archiveVersion = 1;
	classes = {
	};
	objectVersion = 46;
	objects = {

/* Begin PBXBuildFile section */
		4A382892103BF7D600B264B7 /* RMSSamplePluginOptionsViewController.m in Sources */ = {isa = PBXBuildFile; fileRef = 4A382891103BF7D600B264B7 /* RMSSamplePluginOptionsViewController.m */; };
		4A3E8A5A12A4D5D5000DA675 /* Icon.icns in Resources */ = {isa = PBXBuildFile; fileRef = 4A3E8A5912A4D5D5000DA675 /* Icon.icns */; };
		4A75DB4712A39B8700AD635C /* RMKit.framework in Frameworks */ = {isa = PBXBuildFile; fileRef = 4A75DB4612A39B8700AD635C /* RMKit.framework */; };
		4A75DBAD12A39C6E00AD635C /* RWKit.framework in Frameworks */ = {isa = PBXBuildFile; fileRef = 4A75DBAC12A39C6E00AD635C /* RWKit.framework */; };
		4A844B14103C1E6400E24E24 /* RMSSamplePluginContentViewController.m in Sources */ = {isa = PBXBuildFile; fileRef = 4A844B13103C1E6400E24E24 /* RMSSamplePluginContentViewController.m */; };
		4A90E4671031086300093215 /* RMSSamplePlugin.m in Sources */ = {isa = PBXBuildFile; fileRef = 4A90E4641031086300093215 /* RMSSamplePlugin.m */; };
		4AFBCD8F12A6810000781A0C /* Localizable.strings in Resources */ = {isa = PBXBuildFile; fileRef = 4AFBCD8D12A6810000781A0C /* Localizable.strings */; };
		4AFBCD9412A6811000781A0C /* RMSSamplePluginContentView.xib in Resources */ = {isa = PBXBuildFile; fileRef = 4AFBCD9012A6811000781A0C /* RMSSamplePluginContentView.xib */; };
		4AFBCD9512A6811000781A0C /* RMSSamplePluginOptionsView.xib in Resources */ = {isa = PBXBuildFile; fileRef = 4AFBCD9212A6811000781A0C /* RMSSamplePluginOptionsView.xib */; };
		9C736B75094C726A001443E6 /* Cocoa.framework in Frameworks */ = {isa = PBXBuildFile; fileRef = 86EC48AB06813ED400EF9A10 /* Cocoa.framework */; };
/* End PBXBuildFile section */

/* Begin PBXFileReference section */
		4A382890103BF7D600B264B7 /* RMSSamplePluginOptionsViewController.h */ = {isa = PBXFileReference; fileEncoding = 4; lastKnownFileType = sourcecode.c.h; name = RMSSamplePluginOptionsViewController.h; path = source/RMSSamplePluginOptionsViewController.h; sourceTree = "<group>"; };
		4A382891103BF7D600B264B7 /* RMSSamplePluginOptionsViewController.m */ = {isa = PBXFileReference; fileEncoding = 4; lastKnownFileType = sourcecode.c.objc; name = RMSSamplePluginOptionsViewController.m; path = source/RMSSamplePluginOptionsViewController.m; sourceTree = "<group>"; };
		4A3E8A5912A4D5D5000DA675 /* Icon.icns */ = {isa = PBXFileReference; lastKnownFileType = image.icns; name = Icon.icns; path = Resources/Icon.icns; sourceTree = "<group>"; };
		4A75DB4612A39B8700AD635C /* RMKit.framework */ = {isa = PBXFileReference; lastKnownFileType = wrapper.framework; name = RMKit.framework; path = Frameworks/RMKit.framework; sourceTree = "<group>"; };
		4A75DBAC12A39C6E00AD635C /* RWKit.framework */ = {isa = PBXFileReference; lastKnownFileType = wrapper.framework; name = RWKit.framework; path = Frameworks/RWKit.framework; sourceTree = "<group>"; };
		4A844B12103C1E6400E24E24 /* RMSSamplePluginContentViewController.h */ = {isa = PBXFileReference; fileEncoding = 4; lastKnownFileType = sourcecode.c.h; name = RMSSamplePluginContentViewController.h; path = source/RMSSamplePluginContentViewController.h; sourceTree = "<group>"; };
		4A844B13103C1E6400E24E24 /* RMSSamplePluginContentViewController.m */ = {isa = PBXFileReference; fileEncoding = 4; lastKnownFileType = sourcecode.c.objc; name = RMSSamplePluginContentViewController.m; path = source/RMSSamplePluginContentViewController.m; sourceTree = "<group>"; };
		4A90E4631031086300093215 /* RMSSamplePlugin.h */ = {isa = PBXFileReference; fileEncoding = 4; lastKnownFileType = sourcecode.c.h; name = RMSSamplePlugin.h; path = source/RMSSamplePlugin.h; sourceTree = "<group>"; };
		4A90E4641031086300093215 /* RMSSamplePlugin.m */ = {isa = PBXFileReference; fileEncoding = 4; lastKnownFileType = sourcecode.c.objc; name = RMSSamplePlugin.m; path = source/RMSSamplePlugin.m; sourceTree = "<group>"; };
		4A90E4651031086300093215 /* RMSSamplePlugin+Sandwich.h */ = {isa = PBXFileReference; fileEncoding = 4; lastKnownFileType = sourcecode.c.h; name = "RMSSamplePlugin+Sandwich.h"; path = "source/RMSSamplePlugin+Sandwich.h"; sourceTree = "<group>"; };
		4A90E4661031086300093215 /* RMSSamplePlugin+Sandwich.m */ = {isa = PBXFileReference; fileEncoding = 4; lastKnownFileType = sourcecode.c.objc; name = "RMSSamplePlugin+Sandwich.m"; path = "source/RMSSamplePlugin+Sandwich.m"; sourceTree = "<group>"; };
		4AFBCD8E12A6810000781A0C /* English */ = {isa = PBXFileReference; fileEncoding = 4; lastKnownFileType = text.plist.strings; name = English; path = Localizations/English.lproj/Localizable.strings; sourceTree = "<group>"; };
		4AFBCD9112A6811000781A0C /* English */ = {isa = PBXFileReference; lastKnownFileType = file.xib; name = English; path = Localizations/English.lproj/RMSSamplePluginContentView.xib; sourceTree = "<group>"; };
		4AFBCD9312A6811000781A0C /* English */ = {isa = PBXFileReference; lastKnownFileType = file.xib; name = English; path = Localizations/English.lproj/RMSSamplePluginOptionsView.xib; sourceTree = "<group>"; };
		86EC48AB06813ED400EF9A10 /* Cocoa.framework */ = {isa = PBXFileReference; lastKnownFileType = wrapper.framework; name = Cocoa.framework; path = /System/Library/Frameworks/Cocoa.framework; sourceTree = "<absolute>"; };
		9C736B80094C726A001443E6 /* SamplePlugin.rapidweaverplugin */ = {isa = PBXFileReference; explicitFileType = wrapper.cfbundle; includeInIndex = 0; path = SamplePlugin.rapidweaverplugin; sourceTree = BUILT_PRODUCTS_DIR; };
		9C736B84094C7280001443E6 /* Info.plist */ = {isa = PBXFileReference; fileEncoding = 30; lastKnownFileType = text.plist.xml; name = Info.plist; path = Resources/Info.plist; sourceTree = "<group>"; };
/* End PBXFileReference section */

/* Begin PBXFrameworksBuildPhase section */
		9C736B74094C726A001443E6 /* Frameworks */ = {
			isa = PBXFrameworksBuildPhase;
			buildActionMask = 2147483647;
			files = (
				9C736B75094C726A001443E6 /* Cocoa.framework in Frameworks */,
				4A75DB4712A39B8700AD635C /* RMKit.framework in Frameworks */,
				4A75DBAD12A39C6E00AD635C /* RWKit.framework in Frameworks */,
			);
			runOnlyForDeploymentPostprocessing = 0;
		};
/* End PBXFrameworksBuildPhase section */

/* Begin PBXGroup section */
		4A90E4691031087600093215 /* Source */ = {
			isa = PBXGroup;
			children = (
				4A90E4651031086300093215 /* RMSSamplePlugin+Sandwich.h */,
				4A90E4661031086300093215 /* RMSSamplePlugin+Sandwich.m */,
				4A90E4631031086300093215 /* RMSSamplePlugin.h */,
				4A90E4641031086300093215 /* RMSSamplePlugin.m */,
				4A844B12103C1E6400E24E24 /* RMSSamplePluginContentViewController.h */,
				4A844B13103C1E6400E24E24 /* RMSSamplePluginContentViewController.m */,
				4A382890103BF7D600B264B7 /* RMSSamplePluginOptionsViewController.h */,
				4A382891103BF7D600B264B7 /* RMSSamplePluginOptionsViewController.m */,
			);
			name = Source;
			sourceTree = "<group>";
		};
		86EC46E80681018500EF9A10 = {
			isa = PBXGroup;
			children = (
				4A90E4691031087600093215 /* Source */,
				86EC483306812DE600EF9A10 /* Resources */,
				86EC48B406813EDD00EF9A10 /* Frameworks */,
				86EC479A06811BCE00EF9A10 /* Products */,
			);
			sourceTree = "<group>";
		};
		86EC479A06811BCE00EF9A10 /* Products */ = {
			isa = PBXGroup;
			children = (
				9C736B80094C726A001443E6 /* SamplePlugin.rapidweaverplugin */,
			);
			name = Products;
			sourceTree = "<group>";
		};
		86EC483306812DE600EF9A10 /* Resources */ = {
			isa = PBXGroup;
			children = (
				9C736B84094C7280001443E6 /* Info.plist */,
				4AFBCD8D12A6810000781A0C /* Localizable.strings */,
				4AFBCD9012A6811000781A0C /* RMSSamplePluginContentView.xib */,
				4AFBCD9212A6811000781A0C /* RMSSamplePluginOptionsView.xib */,
				4A3E8A5912A4D5D5000DA675 /* Icon.icns */,
			);
			name = Resources;
			sourceTree = "<group>";
		};
		86EC48B406813EDD00EF9A10 /* Frameworks */ = {
			isa = PBXGroup;
			children = (
				86EC48AB06813ED400EF9A10 /* Cocoa.framework */,
				4A75DB4612A39B8700AD635C /* RMKit.framework */,
				4A75DBAC12A39C6E00AD635C /* RWKit.framework */,
			);
			name = Frameworks;
			sourceTree = "<group>";
		};
/* End PBXGroup section */

/* Begin PBXNativeTarget section */
		9C736B69094C726A001443E6 /* Plugin */ = {
			isa = PBXNativeTarget;
			buildConfigurationList = 9C736B7B094C726A001443E6 /* Build configuration list for PBXNativeTarget "Plugin" */;
			buildPhases = (
				9C736B72094C726A001443E6 /* Sources */,
				9C736B74094C726A001443E6 /* Frameworks */,
				9C736B6C094C726A001443E6 /* Resources */,
			);
			buildRules = (
			);
			dependencies = (
			);
			name = Plugin;
			productInstallPath = "$(USER_LIBRARY_DIR)/Bundles";
			productName = Blog;
			productReference = 9C736B80094C726A001443E6 /* SamplePlugin.rapidweaverplugin */;
			productType = "com.apple.product-type.bundle";
		};
/* End PBXNativeTarget section */

/* Begin PBXProject section */
		86EC46EC0681018500EF9A10 /* Project object */ = {
			isa = PBXProject;
			attributes = {
				LastUpgradeCheck = 0900;
				ORGANIZATIONNAME = "Realmac Software";
			};
			buildConfigurationList = 9C72E61C088EEA07007CC3F7 /* Build configuration list for PBXProject "RMSSamplePlugin" */;
			compatibilityVersion = "Xcode 3.2";
			developmentRegion = English;
			hasScannedForEncodings = 1;
			knownRegions = (
				English,
				Japanese,
				French,
				German,
			);
			mainGroup = 86EC46E80681018500EF9A10;
			productRefGroup = 86EC479A06811BCE00EF9A10 /* Products */;
			projectDirPath = "";
			projectRoot = "";
			targets = (
				9C736B69094C726A001443E6 /* Plugin */,
			);
		};
/* End PBXProject section */

/* Begin PBXResourcesBuildPhase section */
		9C736B6C094C726A001443E6 /* Resources */ = {
			isa = PBXResourcesBuildPhase;
			buildActionMask = 2147483647;
			files = (
				4A3E8A5A12A4D5D5000DA675 /* Icon.icns in Resources */,
				4AFBCD8F12A6810000781A0C /* Localizable.strings in Resources */,
				4AFBCD9412A6811000781A0C /* RMSSamplePluginContentView.xib in Resources */,
				4AFBCD9512A6811000781A0C /* RMSSamplePluginOptionsView.xib in Resources */,
			);
			runOnlyForDeploymentPostprocessing = 0;
		};
/* End PBXResourcesBuildPhase section */

/* Begin PBXSourcesBuildPhase section */
		9C736B72094C726A001443E6 /* Sources */ = {
			isa = PBXSourcesBuildPhase;
			buildActionMask = 2147483647;
			files = (
				4A90E4671031086300093215 /* RMSSamplePlugin.m in Sources */,
				4A382892103BF7D600B264B7 /* RMSSamplePluginOptionsViewController.m in Sources */,
				4A844B14103C1E6400E24E24 /* RMSSamplePluginContentViewController.m in Sources */,
			);
			runOnlyForDeploymentPostprocessing = 0;
		};
/* End PBXSourcesBuildPhase section */

/* Begin PBXVariantGroup section */
		4AFBCD8D12A6810000781A0C /* Localizable.strings */ = {
			isa = PBXVariantGroup;
			children = (
				4AFBCD8E12A6810000781A0C /* English */,
			);
			name = Localizable.strings;
			sourceTree = "<group>";
		};
		4AFBCD9012A6811000781A0C /* RMSSamplePluginContentView.xib */ = {
			isa = PBXVariantGroup;
			children = (
				4AFBCD9112A6811000781A0C /* English */,
			);
			name = RMSSamplePluginContentView.xib;
			sourceTree = "<group>";
		};
		4AFBCD9212A6811000781A0C /* RMSSamplePluginOptionsView.xib */ = {
			isa = PBXVariantGroup;
			children = (
				4AFBCD9312A6811000781A0C /* English */,
			);
			name = RMSSamplePluginOptionsView.xib;
			sourceTree = "<group>";
		};
/* End PBXVariantGroup section */

/* Begin XCBuildConfiguration section */
		9C72E61D088EEA07007CC3F7 /* Debug */ = {
			isa = XCBuildConfiguration;
			buildSettings = {
				CLANG_ANALYZER_LOCALIZABILITY_NONLOCALIZED = YES;
				CLANG_WARN_BLOCK_CAPTURE_AUTORELEASING = YES;
				CLANG_WARN_BOOL_CONVERSION = YES;
				CLANG_WARN_COMMA = YES;
				CLANG_WARN_CONSTANT_CONVERSION = YES;
				CLANG_WARN_EMPTY_BODY = YES;
				CLANG_WARN_ENUM_CONVERSION = YES;
				CLANG_WARN_INFINITE_RECURSION = YES;
				CLANG_WARN_INT_CONVERSION = YES;
				CLANG_WARN_NON_LITERAL_NULL_CONVERSION = YES;
				CLANG_WARN_OBJC_LITERAL_CONVERSION = YES;
				CLANG_WARN_RANGE_LOOP_ANALYSIS = YES;
				CLANG_WARN_STRICT_PROTOTYPES = YES;
				CLANG_WARN_SUSPICIOUS_MOVE = YES;
				CLANG_WARN_UNREACHABLE_CODE = YES;
				CLANG_WARN__DUPLICATE_METHOD_MATCH = YES;
				DEBUG_INFORMATION_FORMAT = dwarf;
				DEPLOYMENT_LOCATION = YES;
				DSTROOT = "";
				ENABLE_STRICT_OBJC_MSGSEND = YES;
				ENABLE_TESTABILITY = YES;
				GCC_NO_COMMON_BLOCKS = YES;
				GCC_OPTIMIZATION_LEVEL = 0;
				GCC_WARN_64_TO_32_BIT_CONVERSION = YES;
				GCC_WARN_ABOUT_RETURN_TYPE = YES;
				GCC_WARN_UNDECLARED_SELECTOR = YES;
				GCC_WARN_UNINITIALIZED_AUTOS = YES;
				GCC_WARN_UNUSED_FUNCTION = YES;
				GCC_WARN_UNUSED_VARIABLE = YES;
				INSTALL_PATH = "~/Library/Containers/com.realmacsoftware.rapidweaver/Data/Library/Application Support/RapidWeaver/";
				MACOSX_DEPLOYMENT_TARGET = 10.10;
				ONLY_ACTIVE_ARCH = YES;
				RAPIDWEAVER_ROOT = ../../RapidWeaver;
				SDKROOT = macosx;
				VALID_ARCHS = x86_64;
			};
			name = Debug;
		};
		9C72E61E088EEA07007CC3F7 /* Release */ = {
			isa = XCBuildConfiguration;
			buildSettings = {
				CLANG_ANALYZER_LOCALIZABILITY_NONLOCALIZED = YES;
				CLANG_WARN_BLOCK_CAPTURE_AUTORELEASING = YES;
				CLANG_WARN_BOOL_CONVERSION = YES;
				CLANG_WARN_COMMA = YES;
				CLANG_WARN_CONSTANT_CONVERSION = YES;
				CLANG_WARN_EMPTY_BODY = YES;
				CLANG_WARN_ENUM_CONVERSION = YES;
				CLANG_WARN_INFINITE_RECURSION = YES;
				CLANG_WARN_INT_CONVERSION = YES;
				CLANG_WARN_NON_LITERAL_NULL_CONVERSION = YES;
				CLANG_WARN_OBJC_LITERAL_CONVERSION = YES;
				CLANG_WARN_RANGE_LOOP_ANALYSIS = YES;
				CLANG_WARN_STRICT_PROTOTYPES = YES;
				CLANG_WARN_SUSPICIOUS_MOVE = YES;
				CLANG_WARN_UNREACHABLE_CODE = YES;
				CLANG_WARN__DUPLICATE_METHOD_MATCH = YES;
				DEBUG_INFORMATION_FORMAT = "dwarf-with-dsym";
				DEPLOYMENT_LOCATION = YES;
				DSTROOT = "";
				ENABLE_STRICT_OBJC_MSGSEND = YES;
				FRAMEWORK_SEARCH_PATHS = "";
				GCC_NO_COMMON_BLOCKS = YES;
				GCC_WARN_64_TO_32_BIT_CONVERSION = YES;
				GCC_WARN_ABOUT_RETURN_TYPE = YES;
				GCC_WARN_UNDECLARED_SELECTOR = YES;
				GCC_WARN_UNINITIALIZED_AUTOS = YES;
				GCC_WARN_UNUSED_FUNCTION = YES;
				GCC_WARN_UNUSED_VARIABLE = YES;
				IBC_FLATTEN_NIBS = NO;
				INSTALL_PATH = "~/Library/Containers/com.realmacsoftware.rapidweaver/Data/Library/Application Support/RapidWeaver/";
				MACOSX_DEPLOYMENT_TARGET = 10.10;
				RAPIDWEAVER_ROOT = ../../RapidWeaver;
				SDKROOT = macosx;
				VALID_ARCHS = x86_64;
			};
			name = Release;
		};
		9C736B7C094C726A001443E6 /* Debug */ = {
			isa = XCBuildConfiguration;
			buildSettings = {
				CLANG_ENABLE_OBJC_ARC = YES;
				COMBINE_HIDPI_IMAGES = YES;
				FRAMEWORK_SEARCH_PATHS = (
					"$(inherited)",
					"\"$(SRCROOT)/Frameworks\"",
				);
				GCC_PRECOMPILE_PREFIX_HEADER = YES;
				GCC_PREFIX_HEADER = Resources/Prefix.pch;
				INFOPLIST_FILE = Resources/Info.plist;
				PRODUCT_BUNDLE_IDENTIFIER = "com.mycompanyname.rwplugin.${PRODUCT_NAME:identifier}";
				PRODUCT_NAME = SamplePlugin;
				WRAPPER_EXTENSION = rapidweaverplugin;
			};
			name = Debug;
		};
		9C736B7D094C726A001443E6 /* Release */ = {
			isa = XCBuildConfiguration;
			buildSettings = {
				CLANG_ENABLE_OBJC_ARC = YES;
				COMBINE_HIDPI_IMAGES = YES;
				FRAMEWORK_SEARCH_PATHS = (
					"$(inherited)",
					"\"$(SRCROOT)/Frameworks\"",
				);
				GCC_PRECOMPILE_PREFIX_HEADER = YES;
				GCC_PREFIX_HEADER = Resources/Prefix.pch;
				INFOPLIST_FILE = Resources/Info.plist;
				PRODUCT_BUNDLE_IDENTIFIER = "com.mycompanyname.rwplugin.${PRODUCT_NAME:identifier}";
				PRODUCT_NAME = SamplePlugin;
				WRAPPER_EXTENSION = rapidweaverplugin;
			};
			name = Release;
		};
/* End XCBuildConfiguration section */

/* Begin XCConfigurationList section */
		9C72E61C088EEA07007CC3F7 /* Build configuration list for PBXProject "RMSSamplePlugin" */ = {
			isa = XCConfigurationList;
			buildConfigurations = (
				9C72E61D088EEA07007CC3F7 /* Debug */,
				9C72E61E088EEA07007CC3F7 /* Release */,
			);
			defaultConfigurationIsVisible = 0;
			defaultConfigurationName = Release;
		};
		9C736B7B094C726A001443E6 /* Build configuration list for PBXNativeTarget "Plugin" */ = {
			isa = XCConfigurationList;
			buildConfigurations = (
				9C736B7C094C726A001443E6 /* Debug */,
				9C736B7D094C726A001443E6 /* Release */,
			);
			defaultConfigurationIsVisible = 0;
			defaultConfigurationName = Release;
		};
/* End XCConfigurationList section */
	};
	rootObject = 86EC46EC0681018500EF9A10 /* Project object */;
}
